
Microsoft Visual Studio Solution File, Format Version 12.00
# Visual Studio 15
VisualStudioVersion = 15.0.27703.2035
MinimumVisualStudioVersion = 10.0.40219.1
Project("{8BC9CEB8-8B4A-11D0-8D11-00A0C91BC942}") = "mysqlconn", "mysqlconn\mysqlconn.vcxproj", "{324255DB-B4D5-428D-9EA3-ECE49CF3EED1}"
EndProject
Global
	GlobalSection(SolutionConfigurationPlatforms) = preSolution
		Debug|x64 = Debug|x64
		Debug|x86 = Debug|x86
		Release|x64 = Release|x64
		Release|x86 = Release|x86
	EndGlobalSection
	GlobalSection(ProjectConfigurationPlatforms) = postSolution
		{324255DB-B4D5-428D-9EA3-ECE49CF3EED1}.Debug|x64.ActiveCfg = Debug|x64
		{324255DB-B4D5-428D-9EA3-ECE49CF3EED1}.Debug|x64.Build.0 = Debug|x64
		{324255DB-B4D5-428D-9EA3-ECE49CF3EED1}.Debug|x86.ActiveCfg = Debug|Win32
		{324255DB-B4D5-428D-9EA3-ECE49CF3EED1}.Debug|x86.Build.0 = Debug|Win32
		{324255DB-B4D5-428D-9EA3-ECE49CF3EED1}.Release|x64.ActiveCfg = Release|x64
		{324255DB-B4D5-428D-9EA3-ECE49CF3EED1}.Release|x64.Build.0 = Release|x64
		{324255DB-B4D5-428D-9EA3-ECE49CF3EED1}.Release|x86.ActiveCfg = Release|Win32
		{324255DB-B4D5-428D-9EA3-ECE49CF3EED1}.Release|x86.Build.0 = Release|Win32
	EndGlobalSection
	GlobalSection(SolutionProperties) = preSolution
		HideSolutionNode = FALSE
	EndGlobalSection
	GlobalSection(ExtensibilityGlobals) = postSolution
		SolutionGuid = {BC6073AD-86B5-49AD-9F59-47F862640727}
	EndGlobalSection
EndGlobal
